// !$*UTF8*$!
{
	archiveVersion = 1;
	classes = {
	};
	objectVersion = 46;
	objects = {

/* Begin PBXBuildFile section */
		7E0CCB101B8AB4FA0035068C /* AppDelegate.swift in Sources */ = {isa = PBXBuildFile; fileRef = 7E0CCB0F1B8AB4FA0035068C /* AppDelegate.swift */; };
		7E0CCB121B8AB4FA0035068C /* ViewController.swift in Sources */ = {isa = PBXBuildFile; fileRef = 7E0CCB111B8AB4FA0035068C /* ViewController.swift */; };
		7E0CCB151B8AB4FA0035068C /* Main.storyboard in Resources */ = {isa = PBXBuildFile; fileRef = 7E0CCB131B8AB4FA0035068C /* Main.storyboard */; };
		7E0CCB171B8AB4FA0035068C /* Assets.xcassets in Resources */ = {isa = PBXBuildFile; fileRef = 7E0CCB161B8AB4FA0035068C /* Assets.xcassets */; };
		7E0CCB1A1B8AB4FA0035068C /* LaunchScreen.storyboard in Resources */ = {isa = PBXBuildFile; fileRef = 7E0CCB181B8AB4FA0035068C /* LaunchScreen.storyboard */; };
		7E0CCB1F1B8AB4FB0035068C /* WatchOS2-NewUI-PickerList-Example WatchKit App.app in Embed Watch Content */ = {isa = PBXBuildFile; fileRef = 7E0CCB1E1B8AB4FB0035068C /* WatchOS2-NewUI-PickerList-Example WatchKit App.app */; };
		7E0CCB251B8AB4FB0035068C /* Interface.storyboard in Resources */ = {isa = PBXBuildFile; fileRef = 7E0CCB231B8AB4FB0035068C /* Interface.storyboard */; };
		7E0CCB271B8AB4FB0035068C /* Assets.xcassets in Resources */ = {isa = PBXBuildFile; fileRef = 7E0CCB261B8AB4FB0035068C /* Assets.xcassets */; };
		7E0CCB2E1B8AB4FB0035068C /* WatchOS2-NewUI-PickerList-Example WatchKit Extension.appex in Embed App Extensions */ = {isa = PBXBuildFile; fileRef = 7E0CCB2D1B8AB4FB0035068C /* WatchOS2-NewUI-PickerList-Example WatchKit Extension.appex */; settings = {ATTRIBUTES = (RemoveHeadersOnCopy, ); }; };
		7E0CCB331B8AB4FB0035068C /* InterfaceController.swift in Sources */ = {isa = PBXBuildFile; fileRef = 7E0CCB321B8AB4FB0035068C /* InterfaceController.swift */; };
		7E0CCB351B8AB4FB0035068C /* ExtensionDelegate.swift in Sources */ = {isa = PBXBuildFile; fileRef = 7E0CCB341B8AB4FB0035068C /* ExtensionDelegate.swift */; };
		7E0CCB371B8AB4FB0035068C /* Assets.xcassets in Resources */ = {isa = PBXBuildFile; fileRef = 7E0CCB361B8AB4FB0035068C /* Assets.xcassets */; };
/* End PBXBuildFile section */

/* Begin PBXContainerItemProxy section */
		7E0CCB201B8AB4FB0035068C /* PBXContainerItemProxy */ = {
			isa = PBXContainerItemProxy;
			containerPortal = 7E0CCB041B8AB4FA0035068C /* Project object */;
			proxyType = 1;
			remoteGlobalIDString = 7E0CCB1D1B8AB4FB0035068C;
			remoteInfo = "WatchOS2-NewUI-PickerList-Example WatchKit App";
		};
		7E0CCB2F1B8AB4FB0035068C /* PBXContainerItemProxy */ = {
			isa = PBXContainerItemProxy;
			containerPortal = 7E0CCB041B8AB4FA0035068C /* Project object */;
			proxyType = 1;
			remoteGlobalIDString = 7E0CCB2C1B8AB4FB0035068C;
			remoteInfo = "WatchOS2-NewUI-PickerList-Example WatchKit Extension";
		};
/* End PBXContainerItemProxy section */

/* Begin PBXCopyFilesBuildPhase section */
		7E0CCB3E1B8AB4FB0035068C /* Embed App Extensions */ = {
			isa = PBXCopyFilesBuildPhase;
			buildActionMask = 2147483647;
			dstPath = "";
			dstSubfolderSpec = 13;
			files = (
				7E0CCB2E1B8AB4FB0035068C /* WatchOS2-NewUI-PickerList-Example WatchKit Extension.appex in Embed App Extensions */,
			);
			name = "Embed App Extensions";
			runOnlyForDeploymentPostprocessing = 0;
		};
		7E0CCB421B8AB4FB0035068C /* Embed Watch Content */ = {
			isa = PBXCopyFilesBuildPhase;
			buildActionMask = 2147483647;
			dstPath = "$(CONTENTS_FOLDER_PATH)/Watch";
			dstSubfolderSpec = 16;
			files = (
				7E0CCB1F1B8AB4FB0035068C /* WatchOS2-NewUI-PickerList-Example WatchKit App.app in Embed Watch Content */,
			);
			name = "Embed Watch Content";
			runOnlyForDeploymentPostprocessing = 0;
		};
/* End PBXCopyFilesBuildPhase section */

/* Begin PBXFileReference section */
		7E0CCB0C1B8AB4FA0035068C /* WatchOS2-NewUI-PickerList-Example.app */ = {isa = PBXFileReference; explicitFileType = wrapper.application; includeInIndex = 0; path = "WatchOS2-NewUI-PickerList-Example.app"; sourceTree = BUILT_PRODUCTS_DIR; };
		7E0CCB0F1B8AB4FA0035068C /* AppDelegate.swift */ = {isa = PBXFileReference; lastKnownFileType = sourcecode.swift; path = AppDelegate.swift; sourceTree = "<group>"; };
		7E0CCB111B8AB4FA0035068C /* ViewController.swift */ = {isa = PBXFileReference; lastKnownFileType = sourcecode.swift; path = ViewController.swift; sourceTree = "<group>"; };
		7E0CCB141B8AB4FA0035068C /* Base */ = {isa = PBXFileReference; lastKnownFileType = file.storyboard; name = Base; path = Base.lproj/Main.storyboard; sourceTree = "<group>"; };
		7E0CCB161B8AB4FA0035068C /* Assets.xcassets */ = {isa = PBXFileReference; lastKnownFileType = folder.assetcatalog; path = Assets.xcassets; sourceTree = "<group>"; };
		7E0CCB191B8AB4FA0035068C /* Base */ = {isa = PBXFileReference; lastKnownFileType = file.storyboard; name = Base; path = Base.lproj/LaunchScreen.storyboard; sourceTree = "<group>"; };
		7E0CCB1B1B8AB4FA0035068C /* Info.plist */ = {isa = PBXFileReference; lastKnownFileType = text.plist.xml; path = Info.plist; sourceTree = "<group>"; };
		7E0CCB1E1B8AB4FB0035068C /* WatchOS2-NewUI-PickerList-Example WatchKit App.app */ = {isa = PBXFileReference; explicitFileType = wrapper.application; includeInIndex = 0; path = "WatchOS2-NewUI-PickerList-Example WatchKit App.app"; sourceTree = BUILT_PRODUCTS_DIR; };
		7E0CCB241B8AB4FB0035068C /* Base */ = {isa = PBXFileReference; lastKnownFileType = file.storyboard; name = Base; path = Base.lproj/Interface.storyboard; sourceTree = "<group>"; };
		7E0CCB261B8AB4FB0035068C /* Assets.xcassets */ = {isa = PBXFileReference; lastKnownFileType = folder.assetcatalog; path = Assets.xcassets; sourceTree = "<group>"; };
		7E0CCB281B8AB4FB0035068C /* Info.plist */ = {isa = PBXFileReference; lastKnownFileType = text.plist.xml; path = Info.plist; sourceTree = "<group>"; };
		7E0CCB2D1B8AB4FB0035068C /* WatchOS2-NewUI-PickerList-Example WatchKit Extension.appex */ = {isa = PBXFileReference; explicitFileType = "wrapper.app-extension"; includeInIndex = 0; path = "WatchOS2-NewUI-PickerList-Example WatchKit Extension.appex"; sourceTree = BUILT_PRODUCTS_DIR; };
		7E0CCB321B8AB4FB0035068C /* InterfaceController.swift */ = {isa = PBXFileReference; lastKnownFileType = sourcecode.swift; path = InterfaceController.swift; sourceTree = "<group>"; };
		7E0CCB341B8AB4FB0035068C /* ExtensionDelegate.swift */ = {isa = PBXFileReference; lastKnownFileType = sourcecode.swift; path = ExtensionDelegate.swift; sourceTree = "<group>"; };
		7E0CCB361B8AB4FB0035068C /* Assets.xcassets */ = {isa = PBXFileReference; lastKnownFileType = folder.assetcatalog; path = Assets.xcassets; sourceTree = "<group>"; };
		7E0CCB381B8AB4FB0035068C /* Info.plist */ = {isa = PBXFileReference; lastKnownFileType = text.plist.xml; path = Info.plist; sourceTree = "<group>"; };
/* End PBXFileReference section */

/* Begin PBXFrameworksBuildPhase section */
		7E0CCB091B8AB4FA0035068C /* Frameworks */ = {
			isa = PBXFrameworksBuildPhase;
			buildActionMask = 2147483647;
			files = (
			);
			runOnlyForDeploymentPostprocessing = 0;
		};
		7E0CCB2A1B8AB4FB0035068C /* Frameworks */ = {
			isa = PBXFrameworksBuildPhase;
			buildActionMask = 2147483647;
			files = (
			);
			runOnlyForDeploymentPostprocessing = 0;
		};
/* End PBXFrameworksBuildPhase section */

/* Begin PBXGroup section */
		7E0CCB031B8AB4FA0035068C = {
			isa = PBXGroup;
			children = (
				7E0CCB0E1B8AB4FA0035068C /* WatchOS2-NewUI-PickerList-Example */,
				7E0CCB221B8AB4FB0035068C /* WatchOS2-NewUI-PickerList-Example WatchKit App */,
				7E0CCB311B8AB4FB0035068C /* WatchOS2-NewUI-PickerList-Example WatchKit Extension */,
				7E0CCB0D1B8AB4FA0035068C /* Products */,
			);
			sourceTree = "<group>";
		};
		7E0CCB0D1B8AB4FA0035068C /* Products */ = {
			isa = PBXGroup;
			children = (
				7E0CCB0C1B8AB4FA0035068C /* WatchOS2-NewUI-PickerList-Example.app */,
				7E0CCB1E1B8AB4FB0035068C /* WatchOS2-NewUI-PickerList-Example WatchKit App.app */,
				7E0CCB2D1B8AB4FB0035068C /* WatchOS2-NewUI-PickerList-Example WatchKit Extension.appex */,
			);
			name = Products;
			sourceTree = "<group>";
		};
		7E0CCB0E1B8AB4FA0035068C /* WatchOS2-NewUI-PickerList-Example */ = {
			isa = PBXGroup;
			children = (
				7E0CCB0F1B8AB4FA0035068C /* AppDelegate.swift */,
				7E0CCB111B8AB4FA0035068C /* ViewController.swift */,
				7E0CCB131B8AB4FA0035068C /* Main.storyboard */,
				7E0CCB161B8AB4FA0035068C /* Assets.xcassets */,
				7E0CCB181B8AB4FA0035068C /* LaunchScreen.storyboard */,
				7E0CCB1B1B8AB4FA0035068C /* Info.plist */,
			);
			path = "WatchOS2-NewUI-PickerList-Example";
			sourceTree = "<group>";
		};
		7E0CCB221B8AB4FB0035068C /* WatchOS2-NewUI-PickerList-Example WatchKit App */ = {
			isa = PBXGroup;
			children = (
				7E0CCB231B8AB4FB0035068C /* Interface.storyboard */,
				7E0CCB261B8AB4FB0035068C /* Assets.xcassets */,
				7E0CCB281B8AB4FB0035068C /* Info.plist */,
			);
			path = "WatchOS2-NewUI-PickerList-Example WatchKit App";
			sourceTree = "<group>";
		};
		7E0CCB311B8AB4FB0035068C /* WatchOS2-NewUI-PickerList-Example WatchKit Extension */ = {
			isa = PBXGroup;
			children = (
				7E0CCB321B8AB4FB0035068C /* InterfaceController.swift */,
				7E0CCB341B8AB4FB0035068C /* ExtensionDelegate.swift */,
				7E0CCB361B8AB4FB0035068C /* Assets.xcassets */,
				7E0CCB381B8AB4FB0035068C /* Info.plist */,
			);
			path = "WatchOS2-NewUI-PickerList-Example WatchKit Extension";
			sourceTree = "<group>";
		};
/* End PBXGroup section */

/* Begin PBXNativeTarget section */
		7E0CCB0B1B8AB4FA0035068C /* WatchOS2-NewUI-PickerList-Example */ = {
			isa = PBXNativeTarget;
			buildConfigurationList = 7E0CCB431B8AB4FB0035068C /* Build configuration list for PBXNativeTarget "WatchOS2-NewUI-PickerList-Example" */;
			buildPhases = (
				7E0CCB081B8AB4FA0035068C /* Sources */,
				7E0CCB091B8AB4FA0035068C /* Frameworks */,
				7E0CCB0A1B8AB4FA0035068C /* Resources */,
				7E0CCB421B8AB4FB0035068C /* Embed Watch Content */,
			);
			buildRules = (
			);
			dependencies = (
				7E0CCB211B8AB4FB0035068C /* PBXTargetDependency */,
			);
			name = "WatchOS2-NewUI-PickerList-Example";
			productName = "WatchOS2-NewUI-PickerList-Example";
			productReference = 7E0CCB0C1B8AB4FA0035068C /* WatchOS2-NewUI-PickerList-Example.app */;
			productType = "com.apple.product-type.application";
		};
		7E0CCB1D1B8AB4FB0035068C /* WatchOS2-NewUI-PickerList-Example WatchKit App */ = {
			isa = PBXNativeTarget;
			buildConfigurationList = 7E0CCB3F1B8AB4FB0035068C /* Build configuration list for PBXNativeTarget "WatchOS2-NewUI-PickerList-Example WatchKit App" */;
			buildPhases = (
				7E0CCB1C1B8AB4FB0035068C /* Resources */,
				7E0CCB3E1B8AB4FB0035068C /* Embed App Extensions */,
			);
			buildRules = (
			);
			dependencies = (
				7E0CCB301B8AB4FB0035068C /* PBXTargetDependency */,
			);
			name = "WatchOS2-NewUI-PickerList-Example WatchKit App";
			productName = "WatchOS2-NewUI-PickerList-Example WatchKit App";
			productReference = 7E0CCB1E1B8AB4FB0035068C /* WatchOS2-NewUI-PickerList-Example WatchKit App.app */;
			productType = "com.apple.product-type.application.watchapp2";
		};
		7E0CCB2C1B8AB4FB0035068C /* WatchOS2-NewUI-PickerList-Example WatchKit Extension */ = {
			isa = PBXNativeTarget;
			buildConfigurationList = 7E0CCB3B1B8AB4FB0035068C /* Build configuration list for PBXNativeTarget "WatchOS2-NewUI-PickerList-Example WatchKit Extension" */;
			buildPhases = (
				7E0CCB291B8AB4FB0035068C /* Sources */,
				7E0CCB2A1B8AB4FB0035068C /* Frameworks */,
				7E0CCB2B1B8AB4FB0035068C /* Resources */,
			);
			buildRules = (
			);
			dependencies = (
			);
			name = "WatchOS2-NewUI-PickerList-Example WatchKit Extension";
			productName = "WatchOS2-NewUI-PickerList-Example WatchKit Extension";
			productReference = 7E0CCB2D1B8AB4FB0035068C /* WatchOS2-NewUI-PickerList-Example WatchKit Extension.appex */;
			productType = "com.apple.product-type.watchkit2-extension";
		};
/* End PBXNativeTarget section */

/* Begin PBXProject section */
		7E0CCB041B8AB4FA0035068C /* Project object */ = {
			isa = PBXProject;
			attributes = {
				LastUpgradeCheck = 0800;
				ORGANIZATIONNAME = Sweefties;
				TargetAttributes = {
					7E0CCB0B1B8AB4FA0035068C = {
						CreatedOnToolsVersion = 7.0;
						LastSwiftMigration = 0800;
					};
					7E0CCB1D1B8AB4FB0035068C = {
						CreatedOnToolsVersion = 7.0;
						LastSwiftMigration = 0800;
					};
					7E0CCB2C1B8AB4FB0035068C = {
						CreatedOnToolsVersion = 7.0;
						LastSwiftMigration = 0800;
					};
				};
			};
			buildConfigurationList = 7E0CCB071B8AB4FA0035068C /* Build configuration list for PBXProject "WatchOS2-NewUI-PickerList-Example" */;
			compatibilityVersion = "Xcode 3.2";
			developmentRegion = English;
			hasScannedForEncodings = 0;
			knownRegions = (
				en,
				Base,
			);
			mainGroup = 7E0CCB031B8AB4FA0035068C;
			productRefGroup = 7E0CCB0D1B8AB4FA0035068C /* Products */;
			projectDirPath = "";
			projectRoot = "";
			targets = (
				7E0CCB0B1B8AB4FA0035068C /* WatchOS2-NewUI-PickerList-Example */,
				7E0CCB1D1B8AB4FB0035068C /* WatchOS2-NewUI-PickerList-Example WatchKit App */,
				7E0CCB2C1B8AB4FB0035068C /* WatchOS2-NewUI-PickerList-Example WatchKit Extension */,
			);
		};
/* End PBXProject section */

/* Begin PBXResourcesBuildPhase section */
		7E0CCB0A1B8AB4FA0035068C /* Resources */ = {
			isa = PBXResourcesBuildPhase;
			buildActionMask = 2147483647;
			files = (
				7E0CCB1A1B8AB4FA0035068C /* LaunchScreen.storyboard in Resources */,
				7E0CCB171B8AB4FA0035068C /* Assets.xcassets in Resources */,
				7E0CCB151B8AB4FA0035068C /* Main.storyboard in Resources */,
			);
			runOnlyForDeploymentPostprocessing = 0;
		};
		7E0CCB1C1B8AB4FB0035068C /* Resources */ = {
			isa = PBXResourcesBuildPhase;
			buildActionMask = 2147483647;
			files = (
				7E0CCB271B8AB4FB0035068C /* Assets.xcassets in Resources */,
				7E0CCB251B8AB4FB0035068C /* Interface.storyboard in Resources */,
			);
			runOnlyForDeploymentPostprocessing = 0;
		};
		7E0CCB2B1B8AB4FB0035068C /* Resources */ = {
			isa = PBXResourcesBuildPhase;
			buildActionMask = 2147483647;
			files = (
				7E0CCB371B8AB4FB0035068C /* Assets.xcassets in Resources */,
			);
			runOnlyForDeploymentPostprocessing = 0;
		};
/* End PBXResourcesBuildPhase section */

/* Begin PBXSourcesBuildPhase section */
		7E0CCB081B8AB4FA0035068C /* Sources */ = {
			isa = PBXSourcesBuildPhase;
			buildActionMask = 2147483647;
			files = (
				7E0CCB121B8AB4FA0035068C /* ViewController.swift in Sources */,
				7E0CCB101B8AB4FA0035068C /* AppDelegate.swift in Sources */,
			);
			runOnlyForDeploymentPostprocessing = 0;
		};
		7E0CCB291B8AB4FB0035068C /* Sources */ = {
			isa = PBXSourcesBuildPhase;
			buildActionMask = 2147483647;
			files = (
				7E0CCB351B8AB4FB0035068C /* ExtensionDelegate.swift in Sources */,
				7E0CCB331B8AB4FB0035068C /* InterfaceController.swift in Sources */,
			);
			runOnlyForDeploymentPostprocessing = 0;
		};
/* End PBXSourcesBuildPhase section */

/* Begin PBXTargetDependency section */
		7E0CCB211B8AB4FB0035068C /* PBXTargetDependency */ = {
			isa = PBXTargetDependency;
			target = 7E0CCB1D1B8AB4FB0035068C /* WatchOS2-NewUI-PickerList-Example WatchKit App */;
			targetProxy = 7E0CCB201B8AB4FB0035068C /* PBXContainerItemProxy */;
		};
		7E0CCB301B8AB4FB0035068C /* PBXTargetDependency */ = {
			isa = PBXTargetDependency;
			target = 7E0CCB2C1B8AB4FB0035068C /* WatchOS2-NewUI-PickerList-Example WatchKit Extension */;
			targetProxy = 7E0CCB2F1B8AB4FB0035068C /* PBXContainerItemProxy */;
		};
/* End PBXTargetDependency section */

/* Begin PBXVariantGroup section */
		7E0CCB131B8AB4FA0035068C /* Main.storyboard */ = {
			isa = PBXVariantGroup;
			children = (
				7E0CCB141B8AB4FA0035068C /* Base */,
			);
			name = Main.storyboard;
			sourceTree = "<group>";
		};
		7E0CCB181B8AB4FA0035068C /* LaunchScreen.storyboard */ = {
			isa = PBXVariantGroup;
			children = (
				7E0CCB191B8AB4FA0035068C /* Base */,
			);
			name = LaunchScreen.storyboard;
			sourceTree = "<group>";
		};
		7E0CCB231B8AB4FB0035068C /* Interface.storyboard */ = {
			isa = PBXVariantGroup;
			children = (
				7E0CCB241B8AB4FB0035068C /* Base */,
			);
			name = Interface.storyboard;
			sourceTree = "<group>";
		};
/* End PBXVariantGroup section */

/* Begin XCBuildConfiguration section */
		7E0CCB391B8AB4FB0035068C /* Debug */ = {
			isa = XCBuildConfiguration;
			buildSettings = {
				ALWAYS_SEARCH_USER_PATHS = NO;
				CLANG_CXX_LANGUAGE_STANDARD = "gnu++0x";
				CLANG_CXX_LIBRARY = "libc++";
				CLANG_ENABLE_MODULES = YES;
				CLANG_ENABLE_OBJC_ARC = YES;
				CLANG_WARN_BOOL_CONVERSION = YES;
				CLANG_WARN_CONSTANT_CONVERSION = YES;
				CLANG_WARN_DIRECT_OBJC_ISA_USAGE = YES_ERROR;
				CLANG_WARN_EMPTY_BODY = YES;
				CLANG_WARN_ENUM_CONVERSION = YES;
				CLANG_WARN_INFINITE_RECURSION = YES;
				CLANG_WARN_INT_CONVERSION = YES;
				CLANG_WARN_OBJC_ROOT_CLASS = YES_ERROR;
				CLANG_WARN_SUSPICIOUS_MOVE = YES;
				CLANG_WARN_UNREACHABLE_CODE = YES;
				CLANG_WARN__DUPLICATE_METHOD_MATCH = YES;
				"CODE_SIGN_IDENTITY[sdk=iphoneos*]" = "iPhone Developer";
				COPY_PHASE_STRIP = NO;
				DEBUG_INFORMATION_FORMAT = dwarf;
				ENABLE_STRICT_OBJC_MSGSEND = YES;
				ENABLE_TESTABILITY = YES;
				GCC_C_LANGUAGE_STANDARD = gnu99;
				GCC_DYNAMIC_NO_PIC = NO;
				GCC_NO_COMMON_BLOCKS = YES;
				GCC_OPTIMIZATION_LEVEL = 0;
				GCC_PREPROCESSOR_DEFINITIONS = (
					"DEBUG=1",
					"$(inherited)",
				);
				GCC_WARN_64_TO_32_BIT_CONVERSION = YES;
				GCC_WARN_ABOUT_RETURN_TYPE = YES_ERROR;
				GCC_WARN_UNDECLARED_SELECTOR = YES;
				GCC_WARN_UNINITIALIZED_AUTOS = YES_AGGRESSIVE;
				GCC_WARN_UNUSED_FUNCTION = YES;
				GCC_WARN_UNUSED_VARIABLE = YES;
				IPHONEOS_DEPLOYMENT_TARGET = 9.0;
				MTL_ENABLE_DEBUG_INFO = YES;
				ONLY_ACTIVE_ARCH = YES;
				SDKROOT = iphoneos;
				SWIFT_OPTIMIZATION_LEVEL = "-Onone";
				TARGETED_DEVICE_FAMILY = "1,2";
			};
			name = Debug;
		};
		7E0CCB3A1B8AB4FB0035068C /* Release */ = {
			isa = XCBuildConfiguration;
			buildSettings = {
				ALWAYS_SEARCH_USER_PATHS = NO;
				CLANG_CXX_LANGUAGE_STANDARD = "gnu++0x";
				CLANG_CXX_LIBRARY = "libc++";
				CLANG_ENABLE_MODULES = YES;
				CLANG_ENABLE_OBJC_ARC = YES;
				CLANG_WARN_BOOL_CONVERSION = YES;
				CLANG_WARN_CONSTANT_CONVERSION = YES;
				CLANG_WARN_DIRECT_OBJC_ISA_USAGE = YES_ERROR;
				CLANG_WARN_EMPTY_BODY = YES;
				CLANG_WARN_ENUM_CONVERSION = YES;
				CLANG_WARN_INFINITE_RECURSION = YES;
				CLANG_WARN_INT_CONVERSION = YES;
				CLANG_WARN_OBJC_ROOT_CLASS = YES_ERROR;
				CLANG_WARN_SUSPICIOUS_MOVE = YES;
				CLANG_WARN_UNREACHABLE_CODE = YES;
				CLANG_WARN__DUPLICATE_METHOD_MATCH = YES;
				"CODE_SIGN_IDENTITY[sdk=iphoneos*]" = "iPhone Developer";
				COPY_PHASE_STRIP = NO;
				DEBUG_INFORMATION_FORMAT = "dwarf-with-dsym";
				ENABLE_NS_ASSERTIONS = NO;
				ENABLE_STRICT_OBJC_MSGSEND = YES;
				GCC_C_LANGUAGE_STANDARD = gnu99;
				GCC_NO_COMMON_BLOCKS = YES;
				GCC_WARN_64_TO_32_BIT_CONVERSION = YES;
				GCC_WARN_ABOUT_RETURN_TYPE = YES_ERROR;
				GCC_WARN_UNDECLARED_SELECTOR = YES;
				GCC_WARN_UNINITIALIZED_AUTOS = YES_AGGRESSIVE;
				GCC_WARN_UNUSED_FUNCTION = YES;
				GCC_WARN_UNUSED_VARIABLE = YES;
				IPHONEOS_DEPLOYMENT_TARGET = 9.0;
				MTL_ENABLE_DEBUG_INFO = NO;
				SDKROOT = iphoneos;
				SWIFT_OPTIMIZATION_LEVEL = "-Owholemodule";
				TARGETED_DEVICE_FAMILY = "1,2";
				VALIDATE_PRODUCT = YES;
			};
			name = Release;
		};
		7E0CCB3C1B8AB4FB0035068C /* Debug */ = {
			isa = XCBuildConfiguration;
			buildSettings = {
				INFOPLIST_FILE = "WatchOS2-NewUI-PickerList-Example WatchKit Extension/Info.plist";
				LD_RUNPATH_SEARCH_PATHS = "$(inherited) @executable_path/Frameworks @executable_path/../../Frameworks";
				PRODUCT_BUNDLE_IDENTIFIER = "com.sweefties.WatchOS2-NewUI-PickerList-Example.watchkitapp.watchkitextension";
				PRODUCT_NAME = "${TARGET_NAME}";
				SDKROOT = watchos;
				SKIP_INSTALL = YES;
				SWIFT_VERSION = 3.0;
				TARGETED_DEVICE_FAMILY = 4;
				WATCHOS_DEPLOYMENT_TARGET = 2.0;
			};
			name = Debug;
		};
		7E0CCB3D1B8AB4FB0035068C /* Release */ = {
			isa = XCBuildConfiguration;
			buildSettings = {
				INFOPLIST_FILE = "WatchOS2-NewUI-PickerList-Example WatchKit Extension/Info.plist";
				LD_RUNPATH_SEARCH_PATHS = "$(inherited) @executable_path/Frameworks @executable_path/../../Frameworks";
				PRODUCT_BUNDLE_IDENTIFIER = "com.sweefties.WatchOS2-NewUI-PickerList-Example.watchkitapp.watchkitextension";
				PRODUCT_NAME = "${TARGET_NAME}";
				SDKROOT = watchos;
				SKIP_INSTALL = YES;
				SWIFT_VERSION = 3.0;
				TARGETED_DEVICE_FAMILY = 4;
				WATCHOS_DEPLOYMENT_TARGET = 2.0;
			};
			name = Release;
		};
		7E0CCB401B8AB4FB0035068C /* Debug */ = {
			isa = XCBuildConfiguration;
			buildSettings = {
				ALWAYS_EMBED_SWIFT_STANDARD_LIBRARIES = YES;
				ASSETCATALOG_COMPILER_APPICON_NAME = AppIcon;
				IBSC_MODULE = WatchOS2_NewUI_PickerList_Example_WatchKit_Extension;
				INFOPLIST_FILE = "WatchOS2-NewUI-PickerList-Example WatchKit App/Info.plist";
				PRODUCT_BUNDLE_IDENTIFIER = "com.sweefties.WatchOS2-NewUI-PickerList-Example.watchkitapp";
				PRODUCT_NAME = "$(TARGET_NAME)";
				SDKROOT = watchos;
				SKIP_INSTALL = YES;
				SWIFT_VERSION = 3.0;
				TARGETED_DEVICE_FAMILY = 4;
				WATCHOS_DEPLOYMENT_TARGET = 2.0;
			};
			name = Debug;
		};
		7E0CCB411B8AB4FB0035068C /* Release */ = {
			isa = XCBuildConfiguration;
			buildSettings = {
				ALWAYS_EMBED_SWIFT_STANDARD_LIBRARIES = YES;
				ASSETCATALOG_COMPILER_APPICON_NAME = AppIcon;
				IBSC_MODULE = WatchOS2_NewUI_PickerList_Example_WatchKit_Extension;
				INFOPLIST_FILE = "WatchOS2-NewUI-PickerList-Example WatchKit App/Info.plist";
				PRODUCT_BUNDLE_IDENTIFIER = "com.sweefties.WatchOS2-NewUI-PickerList-Example.watchkitapp";
				PRODUCT_NAME = "$(TARGET_NAME)";
				SDKROOT = watchos;
				SKIP_INSTALL = YES;
				SWIFT_VERSION = 3.0;
				TARGETED_DEVICE_FAMILY = 4;
				WATCHOS_DEPLOYMENT_TARGET = 2.0;
			};
			name = Release;
		};
		7E0CCB441B8AB4FB0035068C /* Debug */ = {
			isa = XCBuildConfiguration;
			buildSettings = {
				ASSETCATALOG_COMPILER_APPICON_NAME = AppIcon;
				INFOPLIST_FILE = "WatchOS2-NewUI-PickerList-Example/Info.plist";
				LD_RUNPATH_SEARCH_PATHS = "$(inherited) @executable_path/Frameworks";
				PRODUCT_BUNDLE_IDENTIFIER = "com.sweefties.WatchOS2-NewUI-PickerList-Example";
				PRODUCT_NAME = "$(TARGET_NAME)";
				SWIFT_VERSION = 3.0;
			};
			name = Debug;
		};
		7E0CCB451B8AB4FB0035068C /* Release */ = {
			isa = XCBuildConfiguration;
			buildSettings = {
				ASSETCATALOG_COMPILER_APPICON_NAME = AppIcon;
				INFOPLIST_FILE = "WatchOS2-NewUI-PickerList-Example/Info.plist";
				LD_RUNPATH_SEARCH_PATHS = "$(inherited) @executable_path/Frameworks";
				PRODUCT_BUNDLE_IDENTIFIER = "com.sweefties.WatchOS2-NewUI-PickerList-Example";
				PRODUCT_NAME = "$(TARGET_NAME)";
				SWIFT_VERSION = 3.0;
			};
			name = Release;
		};
/* End XCBuildConfiguration section */

/* Begin XCConfigurationList section */
		7E0CCB071B8AB4FA0035068C /* Build configuration list for PBXProject "WatchOS2-NewUI-PickerList-Example" */ = {
			isa = XCConfigurationList;
			buildConfigurations = (
				7E0CCB391B8AB4FB0035068C /* Debug */,
				7E0CCB3A1B8AB4FB0035068C /* Release */,
			);
			defaultConfigurationIsVisible = 0;
			defaultConfigurationName = Release;
		};
		7E0CCB3B1B8AB4FB0035068C /* Build configuration list for PBXNativeTarget "WatchOS2-NewUI-PickerList-Example WatchKit Extension" */ = {
			isa = XCConfigurationList;
			buildConfigurations = (
				7E0CCB3C1B8AB4FB0035068C /* Debug */,
				7E0CCB3D1B8AB4FB0035068C /* Release */,
			);
			defaultConfigurationIsVisible = 0;
			defaultConfigurationName = Release;
		};
		7E0CCB3F1B8AB4FB0035068C /* Build configuration list for PBXNativeTarget "WatchOS2-NewUI-PickerList-Example WatchKit App" */ = {
			isa = XCConfigurationList;
			buildConfigurations = (
				7E0CCB401B8AB4FB0035068C /* Debug */,
				7E0CCB411B8AB4FB0035068C /* Release */,
			);
			defaultConfigurationIsVisible = 0;
			defaultConfigurationName = Release;
		};
		7E0CCB431B8AB4FB0035068C /* Build configuration list for PBXNativeTarget "WatchOS2-NewUI-PickerList-Example" */ = {
			isa = XCConfigurationList;
			buildConfigurations = (
				7E0CCB441B8AB4FB0035068C /* Debug */,
				7E0CCB451B8AB4FB0035068C /* Release */,
			);
			defaultConfigurationIsVisible = 0;
			defaultConfigurationName = Release;
		};
/* End XCConfigurationList section */
	};
	rootObject = 7E0CCB041B8AB4FA0035068C /* Project object */;
}
